set_global_assignment -name VERILOG_FILE decoder_5to32.v
set_global_assignment -name VERILOG_FILE tri_state_buffer.v
set_global_assignment -name VERILOG_FILE register_16bit.v
set_global_assignment -name VERILOG_FILE register_26bit.v
set_global_assignment -name VERILOG_FILE Register_file.v
set_global_assignment -name VERILOG_FILE fast_adder_4bit.v
set_global_assignment -name VERILOG_FILE fast_adder_16bit.v
set_global_assignment -name VERILOG_FILE fast_adder_32bit.v
set_global_assignment -name VERILOG_FILE ALU_1bit.v
set_global_assignment -name VERILOG_FILE ALU_1bit_msb.v
set_global_assignment -name VERILOG_FILE ALU_16bit.v
set_global_assignment -name VERILOG_FILE mul_pipelined.v
set_global_assignment -name VERILOG_FILE mul_simd_8x8.v
set_global_assignment -name VERILOG_FILE div_ns16.v
set_global_assignment -name VERILOG_FILE instruction_memory.v
set_global_assignment -name VERILOG_FILE data_memory.v
set_global_assignment -name VERILOG_FILE program_counter.v
set_global_assignment -name VERILOG_FILE decode.v
set_global_assignment -name VERILOG_FILE forward_unit.v
set_global_assignment -name VERILOG_FILE hazard_unit.v
set_global_assignment -name VERILOG_FILE pipe_if_id.v
set_global_assignment -name VERILOG_FILE pipe_id_ex.v
set_global_assignment -name VERILOG_FILE pipe_ex_mem.v
set_global_assignment -name VERILOG_FILE pipe_mem_wb.v
set_global_assignment -name VERILOG_FILE processor.v
set_global_assignment -name TOP_LEVEL_ENTITY processor
